{
  "name": "read-tsconfig-sync",
  "version": "1.0.11",
  "lockfileVersion": 3,
  "requires": true,
  "packages": {
    "": {
      "name": "read-tsconfig-sync",
      "version": "1.0.11",
      "license": "MIT",
      "dependencies": {
        "is-absolute": "*",
        "module-root-sync": "*",
        "remove-bom-buffer": "*"
      },
      "devDependencies": {
        "@sourcegraph/tsconfig": "*",
        "@types/mocha": "*",
        "@types/node": "*"
      },
      "engines": {
        "node": ">=0.8"
      }
    },
    "node_modules/@sourcegraph/tsconfig": {
      "version": "4.0.1",
      "dev": true,
      "license": "MIT"
    },
    "node_modules/@types/mocha": {
      "version": "10.0.10",
      "dev": true,
      "license": "MIT"
    },
    "node_modules/@types/node": {
      "version": "24.9.1",
      "dev": true,
      "license": "MIT",
      "dependencies": {
        "undici-types": "~7.16.0"
      }
    },
    "node_modules/is-absolute": {
      "version": "1.0.0",
      "license": "MIT",
      "dependencies": {
        "is-relative": "^1.0.0",
        "is-windows": "^1.0.1"
      },
      "engines": {
        "node": ">=0.10.0"
      }
    },
    "node_modules/is-buffer": {
      "version": "1.1.6",
      "license": "MIT"
    },
    "node_modules/is-relative": {
      "version": "1.0.0",
      "license": "MIT",
      "dependencies": {
        "is-unc-path": "^1.0.0"
      },
      "engines": {
        "node": ">=0.10.0"
      }
    },
    "node_modules/is-unc-path": {
      "version": "1.0.0",
      "license": "MIT",
      "dependencies": {
        "unc-path-regex": "^0.1.2"
      },
      "engines": {
        "node": ">=0.10.0"
      }
    },
    "node_modules/is-utf8": {
      "version": "0.2.1",
      "license": "MIT"
    },
    "node_modules/is-windows": {
      "version": "1.0.2",
      "license": "MIT",
      "engines": {
        "node": ">=0.10.0"
      }
    },
    "node_modules/module-root-sync": {
      "version": "1.2.1",
      "license": "MIT",
      "engines": {
        "node": ">=0.8"
      }
    },
    "node_modules/remove-bom-buffer": {
      "version": "3.0.0",
      "license": "MIT",
      "dependencies": {
        "is-buffer": "^1.1.5",
        "is-utf8": "^0.2.1"
      },
      "engines": {
        "node": ">=0.10.0"
      }
    },
    "node_modules/unc-path-regex": {
      "version": "0.1.2",
      "license": "MIT",
      "engines": {
        "node": ">=0.10.0"
      }
    },
    "node_modules/undici-types": {
      "version": "7.16.0",
      "dev": true,
      "license": "MIT"
    }
  }
}
